
Microsoft Visual Studio Solution File, Format Version 12.00
# Visual Studio Version 17
VisualStudioVersion = 17.3.32811.315
MinimumVisualStudioVersion = 10.0.40219.1
Project("{9A19103F-16F7-4668-BE54-9A1E7A4F7556}") = "ModernSchoolWEB", "ModernSchool\ModernSchoolWEB.csproj", "{EED89634-6670-4ED0-88B7-D52212961A48}"
EndProject
Project("{9A19103F-16F7-4668-BE54-9A1E7A4F7556}") = "Core", "Core\Core.csproj", "{5463988C-4A75-4996-B77C-2D349EE05240}"
EndProject
Project("{9A19103F-16F7-4668-BE54-9A1E7A4F7556}") = "Service", "Service\Service.csproj", "{9E8E86F5-E285-4D38-854D-5800B5809515}"
EndProject
Project("{FAE04EC0-301F-11D3-BF4B-00C04F79EFBC}") = "ModernSchoolWEBTests", "ModernSchoolWEBTests\ModernSchoolWEBTests.csproj", "{EA229A36-9D4E-4C9C-BC7F-67C64FAFB238}"
EndProject
Global
	GlobalSection(SolutionConfigurationPlatforms) = preSolution
		Debug|Any CPU = Debug|Any CPU
		Release|Any CPU = Release|Any CPU
	EndGlobalSection
	GlobalSection(ProjectConfigurationPlatforms) = postSolution
		{EED89634-6670-4ED0-88B7-D52212961A48}.Debug|Any CPU.ActiveCfg = Debug|Any CPU
		{EED89634-6670-4ED0-88B7-D52212961A48}.Debug|Any CPU.Build.0 = Debug|Any CPU
		{EED89634-6670-4ED0-88B7-D52212961A48}.Release|Any CPU.ActiveCfg = Release|Any CPU
		{EED89634-6670-4ED0-88B7-D52212961A48}.Release|Any CPU.Build.0 = Release|Any CPU
		{5463988C-4A75-4996-B77C-2D349EE05240}.Debug|Any CPU.ActiveCfg = Debug|Any CPU
		{5463988C-4A75-4996-B77C-2D349EE05240}.Debug|Any CPU.Build.0 = Debug|Any CPU
		{5463988C-4A75-4996-B77C-2D349EE05240}.Release|Any CPU.ActiveCfg = Release|Any CPU
		{5463988C-4A75-4996-B77C-2D349EE05240}.Release|Any CPU.Build.0 = Release|Any CPU
		{9E8E86F5-E285-4D38-854D-5800B5809515}.Debug|Any CPU.ActiveCfg = Debug|Any CPU
		{9E8E86F5-E285-4D38-854D-5800B5809515}.Debug|Any CPU.Build.0 = Debug|Any CPU
		{9E8E86F5-E285-4D38-854D-5800B5809515}.Release|Any CPU.ActiveCfg = Release|Any CPU
		{9E8E86F5-E285-4D38-854D-5800B5809515}.Release|Any CPU.Build.0 = Release|Any CPU
		{EA229A36-9D4E-4C9C-BC7F-67C64FAFB238}.Debug|Any CPU.ActiveCfg = Debug|Any CPU
		{EA229A36-9D4E-4C9C-BC7F-67C64FAFB238}.Debug|Any CPU.Build.0 = Debug|Any CPU
		{EA229A36-9D4E-4C9C-BC7F-67C64FAFB238}.Release|Any CPU.ActiveCfg = Release|Any CPU
		{EA229A36-9D4E-4C9C-BC7F-67C64FAFB238}.Release|Any CPU.Build.0 = Release|Any CPU
	EndGlobalSection
	GlobalSection(SolutionProperties) = preSolution
		HideSolutionNode = FALSE
	EndGlobalSection
	GlobalSection(ExtensibilityGlobals) = postSolution
		SolutionGuid = {DB224A06-DFBF-4C32-BA94-252274593D07}
	EndGlobalSection
EndGlobal
