
Microsoft Visual Studio Solution File, Format Version 12.00
# Visual Studio Version 17
VisualStudioVersion = 17.3.32811.315
MinimumVisualStudioVersion = 10.0.40219.1
Project("{FAE04EC0-301F-11D3-BF4B-00C04F79EFBC}") = "ModernSchool", "ModernSchool.csproj", "{77AE07B2-0513-4A1D-9E35-F97918776476}"
EndProject
Global
	GlobalSection(SolutionConfigurationPlatforms) = preSolution
		Debug|Any CPU = Debug|Any CPU
		Release|Any CPU = Release|Any CPU
	EndGlobalSection
	GlobalSection(ProjectConfigurationPlatforms) = postSolution
		{77AE07B2-0513-4A1D-9E35-F97918776476}.Debug|Any CPU.ActiveCfg = Debug|Any CPU
		{77AE07B2-0513-4A1D-9E35-F97918776476}.Debug|Any CPU.Build.0 = Debug|Any CPU
		{77AE07B2-0513-4A1D-9E35-F97918776476}.Release|Any CPU.ActiveCfg = Release|Any CPU
		{77AE07B2-0513-4A1D-9E35-F97918776476}.Release|Any CPU.Build.0 = Release|Any CPU
	EndGlobalSection
	GlobalSection(SolutionProperties) = preSolution
		HideSolutionNode = FALSE
	EndGlobalSection
	GlobalSection(ExtensibilityGlobals) = postSolution
		SolutionGuid = {FA7987A3-BC01-4C59-AC19-5CB15A159CE2}
	EndGlobalSection
EndGlobal
